
Microsoft Visual Studio Solution File, Format Version 12.00
# Visual Studio Version 17
VisualStudioVersion = 17.13.35931.197 d17.13
MinimumVisualStudioVersion = 10.0.40219.1
Project("{FAE04EC0-301F-11D3-BF4B-00C04F79EFBC}") = "tpmodul8_2311104050", "tpmodul8_2311104050\tpmodul8_2311104050.csproj", "{C9D9FEEA-A123-45FF-86A1-07BF205CFA6E}"
EndProject
Global
	GlobalSection(SolutionConfigurationPlatforms) = preSolution
		Debug|Any CPU = Debug|Any CPU
		Release|Any CPU = Release|Any CPU
	EndGlobalSection
	GlobalSection(ProjectConfigurationPlatforms) = postSolution
		{C9D9FEEA-A123-45FF-86A1-07BF205CFA6E}.Debug|Any CPU.ActiveCfg = Debug|Any CPU
		{C9D9FEEA-A123-45FF-86A1-07BF205CFA6E}.Debug|Any CPU.Build.0 = Debug|Any CPU
		{C9D9FEEA-A123-45FF-86A1-07BF205CFA6E}.Release|Any CPU.ActiveCfg = Release|Any CPU
		{C9D9FEEA-A123-45FF-86A1-07BF205CFA6E}.Release|Any CPU.Build.0 = Release|Any CPU
	EndGlobalSection
	GlobalSection(SolutionProperties) = preSolution
		HideSolutionNode = FALSE
	EndGlobalSection
	GlobalSection(ExtensibilityGlobals) = postSolution
		SolutionGuid = {88AEF28D-8AA5-4C3C-B0F7-94230368308C}
	EndGlobalSection
EndGlobal
